
Microsoft Visual Studio Solution File, Format Version 12.00
# Visual Studio Version 16
VisualStudioVersion = 16.0.33027.164
MinimumVisualStudioVersion = 10.0.40219.1
Project("{FAE04EC0-301F-11D3-BF4B-00C04F79EFBC}") = "WindowsFormsApp1", "WindowsFormsApp1\WindowsFormsApp1.csproj", "{671E9483-1BE2-4F7A-8692-3031318384A5}"
EndProject
Global
	GlobalSection(SolutionConfigurationPlatforms) = preSolution
		Debug|Any CPU = Debug|Any CPU
		Release|Any CPU = Release|Any CPU
	EndGlobalSection
	GlobalSection(ProjectConfigurationPlatforms) = postSolution
		{671E9483-1BE2-4F7A-8692-3031318384A5}.Debug|Any CPU.ActiveCfg = Debug|Any CPU
		{671E9483-1BE2-4F7A-8692-3031318384A5}.Debug|Any CPU.Build.0 = Debug|Any CPU
		{671E9483-1BE2-4F7A-8692-3031318384A5}.Release|Any CPU.ActiveCfg = Release|Any CPU
		{671E9483-1BE2-4F7A-8692-3031318384A5}.Release|Any CPU.Build.0 = Release|Any CPU
	EndGlobalSection
	GlobalSection(SolutionProperties) = preSolution
		HideSolutionNode = FALSE
	EndGlobalSection
	GlobalSection(ExtensibilityGlobals) = postSolution
		SolutionGuid = {690058CD-0706-4D9E-8E3A-68B7BFBAF998}
	EndGlobalSection
EndGlobal
